
Microsoft Visual Studio Solution File, Format Version 12.00
# Visual Studio Version 17
VisualStudioVersion = 17.0.31919.166
MinimumVisualStudioVersion = 10.0.40219.1
Project("{FAE04EC0-301F-11D3-BF4B-00C04F79EFBC}") = "AtivosFinanceiros.Core", "AtivosFinanceiros.Core\AtivosFinanceiros.Core.csproj", "{2CF39D98-C720-4FBA-93F2-81E945D2253D}"
EndProject
Project("{FAE04EC0-301F-11D3-BF4B-00C04F79EFBC}") = "AtivosFinanceiros.API", "AtivosFinanceiros.API\AtivosFinanceiros.API.csproj", "{1285D8F8-7AAD-4522-B6C8-B6A65F4A5585}"
EndProject
Project("{FAE04EC0-301F-11D3-BF4B-00C04F79EFBC}") = "AtivosFinanceiros.Domain", "AtivosFinanceiros.Domain\AtivosFinanceiros.Domain.csproj", "{4A2F2CC1-F683-4BB1-943F-217D917A67FC}"
EndProject
Project("{FAE04EC0-301F-11D3-BF4B-00C04F79EFBC}") = "AtivosFinanceiros.Infra", "AtivosFinanceiros.Infra\AtivosFinanceiros.Infra.csproj", "{8875E336-88C2-4D44-868D-490FB7395A05}"
EndProject
Project("{FAE04EC0-301F-11D3-BF4B-00C04F79EFBC}") = "AtivosFinanceiros.Services", "AtivosFinanceiros.Services\AtivosFinanceiros.Services.csproj", "{449ABA0B-1B57-44CC-8F8C-C4BF7775C605}"
EndProject
Global
	GlobalSection(SolutionConfigurationPlatforms) = preSolution
		Debug|Any CPU = Debug|Any CPU
		Release|Any CPU = Release|Any CPU
	EndGlobalSection
	GlobalSection(ProjectConfigurationPlatforms) = postSolution
		{2CF39D98-C720-4FBA-93F2-81E945D2253D}.Debug|Any CPU.ActiveCfg = Debug|Any CPU
		{2CF39D98-C720-4FBA-93F2-81E945D2253D}.Debug|Any CPU.Build.0 = Debug|Any CPU
		{2CF39D98-C720-4FBA-93F2-81E945D2253D}.Release|Any CPU.ActiveCfg = Release|Any CPU
		{2CF39D98-C720-4FBA-93F2-81E945D2253D}.Release|Any CPU.Build.0 = Release|Any CPU
		{1285D8F8-7AAD-4522-B6C8-B6A65F4A5585}.Debug|Any CPU.ActiveCfg = Debug|Any CPU
		{1285D8F8-7AAD-4522-B6C8-B6A65F4A5585}.Debug|Any CPU.Build.0 = Debug|Any CPU
		{1285D8F8-7AAD-4522-B6C8-B6A65F4A5585}.Release|Any CPU.ActiveCfg = Release|Any CPU
		{1285D8F8-7AAD-4522-B6C8-B6A65F4A5585}.Release|Any CPU.Build.0 = Release|Any CPU
		{4A2F2CC1-F683-4BB1-943F-217D917A67FC}.Debug|Any CPU.ActiveCfg = Debug|Any CPU
		{4A2F2CC1-F683-4BB1-943F-217D917A67FC}.Debug|Any CPU.Build.0 = Debug|Any CPU
		{4A2F2CC1-F683-4BB1-943F-217D917A67FC}.Release|Any CPU.ActiveCfg = Release|Any CPU
		{4A2F2CC1-F683-4BB1-943F-217D917A67FC}.Release|Any CPU.Build.0 = Release|Any CPU
		{8875E336-88C2-4D44-868D-490FB7395A05}.Debug|Any CPU.ActiveCfg = Debug|Any CPU
		{8875E336-88C2-4D44-868D-490FB7395A05}.Debug|Any CPU.Build.0 = Debug|Any CPU
		{8875E336-88C2-4D44-868D-490FB7395A05}.Release|Any CPU.ActiveCfg = Release|Any CPU
		{8875E336-88C2-4D44-868D-490FB7395A05}.Release|Any CPU.Build.0 = Release|Any CPU
		{449ABA0B-1B57-44CC-8F8C-C4BF7775C605}.Debug|Any CPU.ActiveCfg = Debug|Any CPU
		{449ABA0B-1B57-44CC-8F8C-C4BF7775C605}.Debug|Any CPU.Build.0 = Debug|Any CPU
		{449ABA0B-1B57-44CC-8F8C-C4BF7775C605}.Release|Any CPU.ActiveCfg = Release|Any CPU
		{449ABA0B-1B57-44CC-8F8C-C4BF7775C605}.Release|Any CPU.Build.0 = Release|Any CPU
	EndGlobalSection
	GlobalSection(SolutionProperties) = preSolution
		HideSolutionNode = FALSE
	EndGlobalSection
	GlobalSection(ExtensibilityGlobals) = postSolution
		SolutionGuid = {9F622869-9343-4CAD-B28F-1221D0C492B6}
	EndGlobalSection
EndGlobal
